
Microsoft Visual Studio Solution File, Format Version 12.00
# Visual Studio Version 17
VisualStudioVersion = 17.8.34330.188
MinimumVisualStudioVersion = 10.0.40219.1
Project("{9A19103F-16F7-4668-BE54-9A1E7A4F7556}") = "FontUISupport", "FontUISupport.csproj", "{51A0A56F-11B3-4BCF-9348-502B26C016AD}"
EndProject
Global
	GlobalSection(SolutionConfigurationPlatforms) = preSolution
		Debug|Any CPU = Debug|Any CPU
		Release|Any CPU = Release|Any CPU
	EndGlobalSection
	GlobalSection(ProjectConfigurationPlatforms) = postSolution
		{51A0A56F-11B3-4BCF-9348-502B26C016AD}.Debug|Any CPU.ActiveCfg = Debug|Any CPU
		{51A0A56F-11B3-4BCF-9348-502B26C016AD}.Debug|Any CPU.Build.0 = Debug|Any CPU
		{51A0A56F-11B3-4BCF-9348-502B26C016AD}.Release|Any CPU.ActiveCfg = Release|Any CPU
		{51A0A56F-11B3-4BCF-9348-502B26C016AD}.Release|Any CPU.Build.0 = Release|Any CPU
	EndGlobalSection
	GlobalSection(SolutionProperties) = preSolution
		HideSolutionNode = FALSE
	EndGlobalSection
	GlobalSection(ExtensibilityGlobals) = postSolution
		SolutionGuid = {8418886F-248A-43E2-B134-77556285F128}
	EndGlobalSection
EndGlobal
